
Microsoft Visual Studio Solution File, Format Version 12.00
# Visual Studio Version 16
VisualStudioVersion = 16.0.32106.194
MinimumVisualStudioVersion = 10.0.40219.1
Project("{FAE04EC0-301F-11D3-BF4B-00C04F79EFBC}") = "OAnew", "OAnew.csproj", "{FF9A1C2E-645B-4788-AB81-3FE0957F3D67}"
EndProject
Global
	GlobalSection(SolutionConfigurationPlatforms) = preSolution
		Debug|Any CPU = Debug|Any CPU
		Release|Any CPU = Release|Any CPU
	EndGlobalSection
	GlobalSection(ProjectConfigurationPlatforms) = postSolution
		{FF9A1C2E-645B-4788-AB81-3FE0957F3D67}.Debug|Any CPU.ActiveCfg = Debug|Any CPU
		{FF9A1C2E-645B-4788-AB81-3FE0957F3D67}.Debug|Any CPU.Build.0 = Debug|Any CPU
		{FF9A1C2E-645B-4788-AB81-3FE0957F3D67}.Release|Any CPU.ActiveCfg = Release|Any CPU
		{FF9A1C2E-645B-4788-AB81-3FE0957F3D67}.Release|Any CPU.Build.0 = Release|Any CPU
	EndGlobalSection
	GlobalSection(SolutionProperties) = preSolution
		HideSolutionNode = FALSE
	EndGlobalSection
	GlobalSection(ExtensibilityGlobals) = postSolution
		SolutionGuid = {7687EF3C-267B-4511-9E7F-351D5C52F02C}
	EndGlobalSection
EndGlobal
